
Microsoft Visual Studio Solution File, Format Version 12.00
# Visual Studio 15
VisualStudioVersion = 15.0.27130.2010
MinimumVisualStudioVersion = 10.0.40219.1
Project("{FAE04EC0-301F-11D3-BF4B-00C04F79EFBC}") = "PalindromicPermutation", "PalindromicPermutation\PalindromicPermutation.csproj", "{B4FF163C-DC56-4268-9798-BE3B8AA35449}"
EndProject
Global
	GlobalSection(SolutionConfigurationPlatforms) = preSolution
		Debug|Any CPU = Debug|Any CPU
		Release|Any CPU = Release|Any CPU
	EndGlobalSection
	GlobalSection(ProjectConfigurationPlatforms) = postSolution
		{B4FF163C-DC56-4268-9798-BE3B8AA35449}.Debug|Any CPU.ActiveCfg = Debug|Any CPU
		{B4FF163C-DC56-4268-9798-BE3B8AA35449}.Debug|Any CPU.Build.0 = Debug|Any CPU
		{B4FF163C-DC56-4268-9798-BE3B8AA35449}.Release|Any CPU.ActiveCfg = Release|Any CPU
		{B4FF163C-DC56-4268-9798-BE3B8AA35449}.Release|Any CPU.Build.0 = Release|Any CPU
	EndGlobalSection
	GlobalSection(SolutionProperties) = preSolution
		HideSolutionNode = FALSE
	EndGlobalSection
	GlobalSection(ExtensibilityGlobals) = postSolution
		SolutionGuid = {8CB1C501-105C-41C9-81EF-6A65E53AEB65}
	EndGlobalSection
EndGlobal
